
Microsoft Visual Studio Solution File, Format Version 11.00
# Visual Studio 2010
Project("{FAE04EC0-301F-11D3-BF4B-00C04F79EFBC}") = "Tutorial1", "Assembly-CSharp.csproj", "{6EC9318E-2082-0564-0D8C-0BCE9B2480A3}"
EndProject
Project("{FAE04EC0-301F-11D3-BF4B-00C04F79EFBC}") = "Tutorial1", "Assembly-CSharp-firstpass.csproj", "{6042163F-6388-DFBF-9799-0490509AC9C0}"
EndProject
Global
	GlobalSection(SolutionConfigurationPlatforms) = preSolution
		Debug|Any CPU = Debug|Any CPU
		Release|Any CPU = Release|Any CPU
	EndGlobalSection
	GlobalSection(ProjectConfigurationPlatforms) = postSolution
		{6EC9318E-2082-0564-0D8C-0BCE9B2480A3}.Debug|Any CPU.ActiveCfg = Debug|Any CPU
		{6EC9318E-2082-0564-0D8C-0BCE9B2480A3}.Debug|Any CPU.Build.0 = Debug|Any CPU
		{6EC9318E-2082-0564-0D8C-0BCE9B2480A3}.Release|Any CPU.ActiveCfg = Release|Any CPU
		{6EC9318E-2082-0564-0D8C-0BCE9B2480A3}.Release|Any CPU.Build.0 = Release|Any CPU
		{6042163F-6388-DFBF-9799-0490509AC9C0}.Debug|Any CPU.ActiveCfg = Debug|Any CPU
		{6042163F-6388-DFBF-9799-0490509AC9C0}.Debug|Any CPU.Build.0 = Debug|Any CPU
		{6042163F-6388-DFBF-9799-0490509AC9C0}.Release|Any CPU.ActiveCfg = Release|Any CPU
		{6042163F-6388-DFBF-9799-0490509AC9C0}.Release|Any CPU.Build.0 = Release|Any CPU
	EndGlobalSection
	GlobalSection(SolutionProperties) = preSolution
		HideSolutionNode = FALSE
	EndGlobalSection
	GlobalSection(MonoDevelopProperties) = preSolution
		StartupItem = Assembly-CSharp.csproj
	EndGlobalSection
EndGlobal
